// !$*UTF8*$!
{
	archiveVersion = 1;
	classes = {
	};
	objectVersion = 55;
	objects = {

/* Begin PBXBuildFile section */
		0184282627A9F04C0031CA22 /* backpocket_bass.mp3 in Resources */ = {isa = PBXBuildFile; fileRef = 0184281D27A9F04B0031CA22 /* backpocket_bass.mp3 */; };
		0184282727A9F04C0031CA22 /* backpocket_vocals.mp3 in Resources */ = {isa = PBXBuildFile; fileRef = 0184281E27A9F04B0031CA22 /* backpocket_vocals.mp3 */; };
		0184282827A9F04C0031CA22 /* backpocket_trumpet.mp3 in Resources */ = {isa = PBXBuildFile; fileRef = 0184281F27A9F04B0031CA22 /* backpocket_trumpet.mp3 */; };
		0184282927A9F04C0031CA22 /* backpocket_guitar.mp3 in Resources */ = {isa = PBXBuildFile; fileRef = 0184282027A9F04C0031CA22 /* backpocket_guitar.mp3 */; };
		0184282A27A9F04C0031CA22 /* backpocket_percussion.mp3 in Resources */ = {isa = PBXBuildFile; fileRef = 0184282127A9F04C0031CA22 /* backpocket_percussion.mp3 */; };
		0184282B27A9F04C0031CA22 /* backpocket_backingvocals.mp3 in Resources */ = {isa = PBXBuildFile; fileRef = 0184282227A9F04C0031CA22 /* backpocket_backingvocals.mp3 */; };
		0184282C27A9F04C0031CA22 /* backpocket_keyboards.mp3 in Resources */ = {isa = PBXBuildFile; fileRef = 0184282327A9F04C0031CA22 /* backpocket_keyboards.mp3 */; };
		0184282D27A9F04C0031CA22 /* backpocket_saxophone.mp3 in Resources */ = {isa = PBXBuildFile; fileRef = 0184282427A9F04C0031CA22 /* backpocket_saxophone.mp3 */; };
		0184282E27A9F04C0031CA22 /* backpocket_drums.mp3 in Resources */ = {isa = PBXBuildFile; fileRef = 0184282527A9F04C0031CA22 /* backpocket_drums.mp3 */; };
		0184283127ADC0910031CA22 /* LoadSongViewController.swift in Sources */ = {isa = PBXBuildFile; fileRef = 0184283027ADC0910031CA22 /* LoadSongViewController.swift */; };
		0184283327ADC2F80031CA22 /* Song.swift in Sources */ = {isa = PBXBuildFile; fileRef = 0184283227ADC2F80031CA22 /* Song.swift */; };
		0184283527ADC6770031CA22 /* SongLoader.swift in Sources */ = {isa = PBXBuildFile; fileRef = 0184283427ADC6770031CA22 /* SongLoader.swift */; };
		0184284127AF2D720031CA22 /* SettingsViewController.swift in Sources */ = {isa = PBXBuildFile; fileRef = 0184284027AF2D720031CA22 /* SettingsViewController.swift */; };
		0184284527B1C8CF0031CA22 /* MockMusicPlayer.swift in Sources */ = {isa = PBXBuildFile; fileRef = 0184284427B1C8CF0031CA22 /* MockMusicPlayer.swift */; };
		0184284927B266890031CA22 /* Track.swift in Sources */ = {isa = PBXBuildFile; fileRef = 0184284827B266890031CA22 /* Track.swift */; };
		0184285627B26B770031CA22 /* RWY_guitar.mp3 in Resources */ = {isa = PBXBuildFile; fileRef = 0184284A27B26B760031CA22 /* RWY_guitar.mp3 */; };
		0184285727B26B770031CA22 /* RWY_keyboards2.mp3 in Resources */ = {isa = PBXBuildFile; fileRef = 0184284B27B26B760031CA22 /* RWY_keyboards2.mp3 */; };
		0184285827B26B770031CA22 /* RWY_backingvocals2.mp3 in Resources */ = {isa = PBXBuildFile; fileRef = 0184284C27B26B760031CA22 /* RWY_backingvocals2.mp3 */; };
		0184285927B26B770031CA22 /* RWY_guitar2.mp3 in Resources */ = {isa = PBXBuildFile; fileRef = 0184284D27B26B760031CA22 /* RWY_guitar2.mp3 */; };
		0184285A27B26B770031CA22 /* RWY_backingvocals.mp3 in Resources */ = {isa = PBXBuildFile; fileRef = 0184284E27B26B760031CA22 /* RWY_backingvocals.mp3 */; };
		0184285B27B26B770031CA22 /* RWY_drums.mp3 in Resources */ = {isa = PBXBuildFile; fileRef = 0184284F27B26B760031CA22 /* RWY_drums.mp3 */; };
		0184285C27B26B770031CA22 /* RWY_bass.mp3 in Resources */ = {isa = PBXBuildFile; fileRef = 0184285027B26B770031CA22 /* RWY_bass.mp3 */; };
		0184285D27B26B770031CA22 /* RWY_trumpet.mp3 in Resources */ = {isa = PBXBuildFile; fileRef = 0184285127B26B770031CA22 /* RWY_trumpet.mp3 */; };
		0184285E27B26B770031CA22 /* RWY_vocals.mp3 in Resources */ = {isa = PBXBuildFile; fileRef = 0184285227B26B770031CA22 /* RWY_vocals.mp3 */; };
		0184285F27B26B770031CA22 /* RWY_other.mp3 in Resources */ = {isa = PBXBuildFile; fileRef = 0184285327B26B770031CA22 /* RWY_other.mp3 */; };
		0184286027B26B770031CA22 /* RWY_other2.mp3 in Resources */ = {isa = PBXBuildFile; fileRef = 0184285427B26B770031CA22 /* RWY_other2.mp3 */; };
		0184286127B26B770031CA22 /* RWY_keyboards.mp3 in Resources */ = {isa = PBXBuildFile; fileRef = 0184285527B26B770031CA22 /* RWY_keyboards.mp3 */; };
		0184286327B29DA80031CA22 /* MusicPlayerTests.swift in Sources */ = {isa = PBXBuildFile; fileRef = 0184286227B29DA80031CA22 /* MusicPlayerTests.swift */; };
		01ED41E527A5A4B900BB944C /* AppDelegate.swift in Sources */ = {isa = PBXBuildFile; fileRef = 01ED41E427A5A4B900BB944C /* AppDelegate.swift */; };
		01ED41E727A5A4B900BB944C /* SceneDelegate.swift in Sources */ = {isa = PBXBuildFile; fileRef = 01ED41E627A5A4B900BB944C /* SceneDelegate.swift */; };
		01ED41E927A5A4B900BB944C /* PlayerViewController.swift in Sources */ = {isa = PBXBuildFile; fileRef = 01ED41E827A5A4B900BB944C /* PlayerViewController.swift */; };
		01ED41EC27A5A4B900BB944C /* Main.storyboard in Resources */ = {isa = PBXBuildFile; fileRef = 01ED41EA27A5A4B900BB944C /* Main.storyboard */; };
		01ED41EF27A5A4B900BB944C /* TrackModel.xcdatamodeld in Sources */ = {isa = PBXBuildFile; fileRef = 01ED41ED27A5A4B900BB944C /* TrackModel.xcdatamodeld */; };
		01ED41F127A5A4BA00BB944C /* Assets.xcassets in Resources */ = {isa = PBXBuildFile; fileRef = 01ED41F027A5A4BA00BB944C /* Assets.xcassets */; };
		01ED41F427A5A4BA00BB944C /* LaunchScreen.storyboard in Resources */ = {isa = PBXBuildFile; fileRef = 01ED41F227A5A4BA00BB944C /* LaunchScreen.storyboard */; };
		01ED41FF27A5A4BA00BB944C /* MultiTrackPlayerAppTests.swift in Sources */ = {isa = PBXBuildFile; fileRef = 01ED41FE27A5A4BA00BB944C /* MultiTrackPlayerAppTests.swift */; };
		01ED420927A5A4BA00BB944C /* MultiTrackPlayerUITests.swift in Sources */ = {isa = PBXBuildFile; fileRef = 01ED420827A5A4BA00BB944C /* MultiTrackPlayerUITests.swift */; };
		01ED420B27A5A4BA00BB944C /* MultiTrackPlayerUITestsLaunchTests.swift in Sources */ = {isa = PBXBuildFile; fileRef = 01ED420A27A5A4BA00BB944C /* MultiTrackPlayerUITestsLaunchTests.swift */; };
		01ED421927A5A53A00BB944C /* TrackViewController.swift in Sources */ = {isa = PBXBuildFile; fileRef = 01ED421727A5A53A00BB944C /* TrackViewController.swift */; };
		01ED421A27A5A53A00BB944C /* TrackViewController.xib in Resources */ = {isa = PBXBuildFile; fileRef = 01ED421827A5A53A00BB944C /* TrackViewController.xib */; };
		01ED421C27A609B700BB944C /* MusicPlayer.swift in Sources */ = {isa = PBXBuildFile; fileRef = 01ED421B27A609B600BB944C /* MusicPlayer.swift */; };
		01ED423827A69B6400BB944C /* SheetMusicViewController.swift in Sources */ = {isa = PBXBuildFile; fileRef = 01ED423727A69B6400BB944C /* SheetMusicViewController.swift */; };
/* End PBXBuildFile section */

/* Begin PBXContainerItemProxy section */
		01ED41FB27A5A4BA00BB944C /* PBXContainerItemProxy */ = {
			isa = PBXContainerItemProxy;
			containerPortal = 01ED41D927A5A4B900BB944C /* Project object */;
			proxyType = 1;
			remoteGlobalIDString = 01ED41E027A5A4B900BB944C;
			remoteInfo = AnikaApp;
		};
		01ED420527A5A4BA00BB944C /* PBXContainerItemProxy */ = {
			isa = PBXContainerItemProxy;
			containerPortal = 01ED41D927A5A4B900BB944C /* Project object */;
			proxyType = 1;
			remoteGlobalIDString = 01ED41E027A5A4B900BB944C;
			remoteInfo = AnikaApp;
		};
/* End PBXContainerItemProxy section */

/* Begin PBXFileReference section */
		0184281D27A9F04B0031CA22 /* backpocket_bass.mp3 */ = {isa = PBXFileReference; lastKnownFileType = audio.mp3; path = backpocket_bass.mp3; sourceTree = "<group>"; };
		0184281E27A9F04B0031CA22 /* backpocket_vocals.mp3 */ = {isa = PBXFileReference; lastKnownFileType = audio.mp3; path = backpocket_vocals.mp3; sourceTree = "<group>"; };
		0184281F27A9F04B0031CA22 /* backpocket_trumpet.mp3 */ = {isa = PBXFileReference; lastKnownFileType = audio.mp3; path = backpocket_trumpet.mp3; sourceTree = "<group>"; };
		0184282027A9F04C0031CA22 /* backpocket_guitar.mp3 */ = {isa = PBXFileReference; lastKnownFileType = audio.mp3; path = backpocket_guitar.mp3; sourceTree = "<group>"; };
		0184282127A9F04C0031CA22 /* backpocket_percussion.mp3 */ = {isa = PBXFileReference; lastKnownFileType = audio.mp3; path = backpocket_percussion.mp3; sourceTree = "<group>"; };
		0184282227A9F04C0031CA22 /* backpocket_backingvocals.mp3 */ = {isa = PBXFileReference; lastKnownFileType = audio.mp3; path = backpocket_backingvocals.mp3; sourceTree = "<group>"; };
		0184282327A9F04C0031CA22 /* backpocket_keyboards.mp3 */ = {isa = PBXFileReference; lastKnownFileType = audio.mp3; path = backpocket_keyboards.mp3; sourceTree = "<group>"; };
		0184282427A9F04C0031CA22 /* backpocket_saxophone.mp3 */ = {isa = PBXFileReference; lastKnownFileType = audio.mp3; path = backpocket_saxophone.mp3; sourceTree = "<group>"; };
		0184282527A9F04C0031CA22 /* backpocket_drums.mp3 */ = {isa = PBXFileReference; lastKnownFileType = audio.mp3; path = backpocket_drums.mp3; sourceTree = "<group>"; };
		0184283027ADC0910031CA22 /* LoadSongViewController.swift */ = {isa = PBXFileReference; lastKnownFileType = sourcecode.swift; path = LoadSongViewController.swift; sourceTree = "<group>"; };
		0184283227ADC2F80031CA22 /* Song.swift */ = {isa = PBXFileReference; lastKnownFileType = sourcecode.swift; path = Song.swift; sourceTree = "<group>"; };
		0184283427ADC6770031CA22 /* SongLoader.swift */ = {isa = PBXFileReference; lastKnownFileType = sourcecode.swift; path = SongLoader.swift; sourceTree = "<group>"; };
		0184284027AF2D720031CA22 /* SettingsViewController.swift */ = {isa = PBXFileReference; lastKnownFileType = sourcecode.swift; path = SettingsViewController.swift; sourceTree = "<group>"; };
		0184284427B1C8CF0031CA22 /* MockMusicPlayer.swift */ = {isa = PBXFileReference; lastKnownFileType = sourcecode.swift; path = MockMusicPlayer.swift; sourceTree = "<group>"; };
		0184284827B266890031CA22 /* Track.swift */ = {isa = PBXFileReference; lastKnownFileType = sourcecode.swift; path = Track.swift; sourceTree = "<group>"; };
		0184284A27B26B760031CA22 /* RWY_guitar.mp3 */ = {isa = PBXFileReference; lastKnownFileType = audio.mp3; path = RWY_guitar.mp3; sourceTree = "<group>"; };
		0184284B27B26B760031CA22 /* RWY_keyboards2.mp3 */ = {isa = PBXFileReference; lastKnownFileType = audio.mp3; path = RWY_keyboards2.mp3; sourceTree = "<group>"; };
		0184284C27B26B760031CA22 /* RWY_backingvocals2.mp3 */ = {isa = PBXFileReference; lastKnownFileType = audio.mp3; path = RWY_backingvocals2.mp3; sourceTree = "<group>"; };
		0184284D27B26B760031CA22 /* RWY_guitar2.mp3 */ = {isa = PBXFileReference; lastKnownFileType = audio.mp3; path = RWY_guitar2.mp3; sourceTree = "<group>"; };
		0184284E27B26B760031CA22 /* RWY_backingvocals.mp3 */ = {isa = PBXFileReference; lastKnownFileType = audio.mp3; path = RWY_backingvocals.mp3; sourceTree = "<group>"; };
		0184284F27B26B760031CA22 /* RWY_drums.mp3 */ = {isa = PBXFileReference; lastKnownFileType = audio.mp3; path = RWY_drums.mp3; sourceTree = "<group>"; };
		0184285027B26B770031CA22 /* RWY_bass.mp3 */ = {isa = PBXFileReference; lastKnownFileType = audio.mp3; path = RWY_bass.mp3; sourceTree = "<group>"; };
		0184285127B26B770031CA22 /* RWY_trumpet.mp3 */ = {isa = PBXFileReference; lastKnownFileType = audio.mp3; path = RWY_trumpet.mp3; sourceTree = "<group>"; };
		0184285227B26B770031CA22 /* RWY_vocals.mp3 */ = {isa = PBXFileReference; lastKnownFileType = audio.mp3; path = RWY_vocals.mp3; sourceTree = "<group>"; };
		0184285327B26B770031CA22 /* RWY_other.mp3 */ = {isa = PBXFileReference; lastKnownFileType = audio.mp3; path = RWY_other.mp3; sourceTree = "<group>"; };
		0184285427B26B770031CA22 /* RWY_other2.mp3 */ = {isa = PBXFileReference; lastKnownFileType = audio.mp3; path = RWY_other2.mp3; sourceTree = "<group>"; };
		0184285527B26B770031CA22 /* RWY_keyboards.mp3 */ = {isa = PBXFileReference; lastKnownFileType = audio.mp3; path = RWY_keyboards.mp3; sourceTree = "<group>"; };
		0184286227B29DA80031CA22 /* MusicPlayerTests.swift */ = {isa = PBXFileReference; lastKnownFileType = sourcecode.swift; path = MusicPlayerTests.swift; sourceTree = "<group>"; };
		01ED41E127A5A4B900BB944C /* MultiTrackPlayer.app */ = {isa = PBXFileReference; explicitFileType = wrapper.application; includeInIndex = 0; path = MultiTrackPlayer.app; sourceTree = BUILT_PRODUCTS_DIR; };
		01ED41E427A5A4B900BB944C /* AppDelegate.swift */ = {isa = PBXFileReference; lastKnownFileType = sourcecode.swift; path = AppDelegate.swift; sourceTree = "<group>"; };
		01ED41E627A5A4B900BB944C /* SceneDelegate.swift */ = {isa = PBXFileReference; lastKnownFileType = sourcecode.swift; path = SceneDelegate.swift; sourceTree = "<group>"; };
		01ED41E827A5A4B900BB944C /* PlayerViewController.swift */ = {isa = PBXFileReference; lastKnownFileType = sourcecode.swift; path = PlayerViewController.swift; sourceTree = "<group>"; };
		01ED41EB27A5A4B900BB944C /* Base */ = {isa = PBXFileReference; lastKnownFileType = file.storyboard; name = Base; path = Base.lproj/Main.storyboard; sourceTree = "<group>"; };
		01ED41EE27A5A4B900BB944C /* AnikaApp.xcdatamodel */ = {isa = PBXFileReference; lastKnownFileType = wrapper.xcdatamodel; path = AnikaApp.xcdatamodel; sourceTree = "<group>"; };
		01ED41F027A5A4BA00BB944C /* Assets.xcassets */ = {isa = PBXFileReference; lastKnownFileType = folder.assetcatalog; path = Assets.xcassets; sourceTree = "<group>"; };
		01ED41F327A5A4BA00BB944C /* Base */ = {isa = PBXFileReference; lastKnownFileType = file.storyboard; name = Base; path = Base.lproj/LaunchScreen.storyboard; sourceTree = "<group>"; };
		01ED41F527A5A4BA00BB944C /* Info.plist */ = {isa = PBXFileReference; lastKnownFileType = text.plist.xml; path = Info.plist; sourceTree = "<group>"; };
		01ED41FA27A5A4BA00BB944C /* MultiTrackPlayerTests.xctest */ = {isa = PBXFileReference; explicitFileType = wrapper.cfbundle; includeInIndex = 0; path = MultiTrackPlayerTests.xctest; sourceTree = BUILT_PRODUCTS_DIR; };
		01ED41FE27A5A4BA00BB944C /* MultiTrackPlayerAppTests.swift */ = {isa = PBXFileReference; lastKnownFileType = sourcecode.swift; path = MultiTrackPlayerAppTests.swift; sourceTree = "<group>"; };
		01ED420427A5A4BA00BB944C /* MultiTrackPlayerUITests.xctest */ = {isa = PBXFileReference; explicitFileType = wrapper.cfbundle; includeInIndex = 0; path = MultiTrackPlayerUITests.xctest; sourceTree = BUILT_PRODUCTS_DIR; };
		01ED420827A5A4BA00BB944C /* MultiTrackPlayerUITests.swift */ = {isa = PBXFileReference; lastKnownFileType = sourcecode.swift; path = MultiTrackPlayerUITests.swift; sourceTree = "<group>"; };
		01ED420A27A5A4BA00BB944C /* MultiTrackPlayerUITestsLaunchTests.swift */ = {isa = PBXFileReference; lastKnownFileType = sourcecode.swift; path = MultiTrackPlayerUITestsLaunchTests.swift; sourceTree = "<group>"; };
		01ED421727A5A53A00BB944C /* TrackViewController.swift */ = {isa = PBXFileReference; lastKnownFileType = sourcecode.swift; path = TrackViewController.swift; sourceTree = "<group>"; };
		01ED421827A5A53A00BB944C /* TrackViewController.xib */ = {isa = PBXFileReference; lastKnownFileType = file.xib; path = TrackViewController.xib; sourceTree = "<group>"; };
		01ED421B27A609B600BB944C /* MusicPlayer.swift */ = {isa = PBXFileReference; lastKnownFileType = sourcecode.swift; path = MusicPlayer.swift; sourceTree = "<group>"; };
		01ED423727A69B6400BB944C /* SheetMusicViewController.swift */ = {isa = PBXFileReference; lastKnownFileType = sourcecode.swift; path = SheetMusicViewController.swift; sourceTree = "<group>"; };
/* End PBXFileReference section */

/* Begin PBXFrameworksBuildPhase section */
		01ED41DE27A5A4B900BB944C /* Frameworks */ = {
			isa = PBXFrameworksBuildPhase;
			buildActionMask = 2147483647;
			files = (
			);
			runOnlyForDeploymentPostprocessing = 0;
		};
		01ED41F727A5A4BA00BB944C /* Frameworks */ = {
			isa = PBXFrameworksBuildPhase;
			buildActionMask = 2147483647;
			files = (
			);
			runOnlyForDeploymentPostprocessing = 0;
		};
		01ED420127A5A4BA00BB944C /* Frameworks */ = {
			isa = PBXFrameworksBuildPhase;
			buildActionMask = 2147483647;
			files = (
			);
			runOnlyForDeploymentPostprocessing = 0;
		};
/* End PBXFrameworksBuildPhase section */

/* Begin PBXGroup section */
		0184282F27A9F0570031CA22 /* mp3 */ = {
			isa = PBXGroup;
			children = (
				0184284E27B26B760031CA22 /* RWY_backingvocals.mp3 */,
				0184285027B26B770031CA22 /* RWY_bass.mp3 */,
				0184285127B26B770031CA22 /* RWY_trumpet.mp3 */,
				0184284F27B26B760031CA22 /* RWY_drums.mp3 */,
				0184284A27B26B760031CA22 /* RWY_guitar.mp3 */,
				0184284D27B26B760031CA22 /* RWY_guitar2.mp3 */,
				0184285227B26B770031CA22 /* RWY_vocals.mp3 */,
				0184285327B26B770031CA22 /* RWY_other.mp3 */,
				0184284C27B26B760031CA22 /* RWY_backingvocals2.mp3 */,
				0184285527B26B770031CA22 /* RWY_keyboards.mp3 */,
				0184285427B26B770031CA22 /* RWY_other2.mp3 */,
				0184284B27B26B760031CA22 /* RWY_keyboards2.mp3 */,
				0184282527A9F04C0031CA22 /* backpocket_drums.mp3 */,
				0184281D27A9F04B0031CA22 /* backpocket_bass.mp3 */,
				0184282127A9F04C0031CA22 /* backpocket_percussion.mp3 */,
				0184282027A9F04C0031CA22 /* backpocket_guitar.mp3 */,
				0184282327A9F04C0031CA22 /* backpocket_keyboards.mp3 */,
				0184282227A9F04C0031CA22 /* backpocket_backingvocals.mp3 */,
				0184281E27A9F04B0031CA22 /* backpocket_vocals.mp3 */,
				0184282427A9F04C0031CA22 /* backpocket_saxophone.mp3 */,
				0184281F27A9F04B0031CA22 /* backpocket_trumpet.mp3 */,
			);
			path = mp3;
			sourceTree = "<group>";
		};
		0184283C27ADD93D0031CA22 /* Player */ = {
			isa = PBXGroup;
			children = (
				01ED41E827A5A4B900BB944C /* PlayerViewController.swift */,
				01ED421B27A609B600BB944C /* MusicPlayer.swift */,
				0184284427B1C8CF0031CA22 /* MockMusicPlayer.swift */,
			);
			path = Player;
			sourceTree = "<group>";
		};
		0184283D27ADD94B0031CA22 /* SheetMusic */ = {
			isa = PBXGroup;
			children = (
				01ED423727A69B6400BB944C /* SheetMusicViewController.swift */,
			);
			path = SheetMusic;
			sourceTree = "<group>";
		};
		0184283E27ADD96D0031CA22 /* View */ = {
			isa = PBXGroup;
			children = (
				01ED41EA27A5A4B900BB944C /* Main.storyboard */,
				01ED41F227A5A4BA00BB944C /* LaunchScreen.storyboard */,
				01ED421827A5A53A00BB944C /* TrackViewController.xib */,
			);
			path = View;
			sourceTree = "<group>";
		};
		0184283F27ADD9C20031CA22 /* SongLoader */ = {
			isa = PBXGroup;
			children = (
				0184283427ADC6770031CA22 /* SongLoader.swift */,
				0184283027ADC0910031CA22 /* LoadSongViewController.swift */,
				0184283227ADC2F80031CA22 /* Song.swift */,
			);
			path = SongLoader;
			sourceTree = "<group>";
		};
		0184284627B1EC7C0031CA22 /* Tracks */ = {
			isa = PBXGroup;
			children = (
				01ED421727A5A53A00BB944C /* TrackViewController.swift */,
				0184284827B266890031CA22 /* Track.swift */,
			);
			path = Tracks;
			sourceTree = "<group>";
		};
		0184284727B1EC880031CA22 /* Settings */ = {
			isa = PBXGroup;
			children = (
				0184284027AF2D720031CA22 /* SettingsViewController.swift */,
			);
			path = Settings;
			sourceTree = "<group>";
		};
		01ED41D827A5A4B900BB944C = {
			isa = PBXGroup;
			children = (
				01ED41E327A5A4B900BB944C /* MultiTrackPlayer */,
				0184282F27A9F0570031CA22 /* mp3 */,
				01ED41FD27A5A4BA00BB944C /* MultiTrackPlayerTests */,
				01ED420727A5A4BA00BB944C /* MultiTrackPlayerUITests */,
				01ED41E227A5A4B900BB944C /* Products */,
			);
			sourceTree = "<group>";
		};
		01ED41E227A5A4B900BB944C /* Products */ = {
			isa = PBXGroup;
			children = (
				01ED41E127A5A4B900BB944C /* MultiTrackPlayer.app */,
				01ED41FA27A5A4BA00BB944C /* MultiTrackPlayerTests.xctest */,
				01ED420427A5A4BA00BB944C /* MultiTrackPlayerUITests.xctest */,
			);
			name = Products;
			sourceTree = "<group>";
		};
		01ED41E327A5A4B900BB944C /* MultiTrackPlayer */ = {
			isa = PBXGroup;
			children = (
				0184284727B1EC880031CA22 /* Settings */,
				0184284627B1EC7C0031CA22 /* Tracks */,
				01ED41E427A5A4B900BB944C /* AppDelegate.swift */,
				01ED41E627A5A4B900BB944C /* SceneDelegate.swift */,
				0184283F27ADD9C20031CA22 /* SongLoader */,
				0184283D27ADD94B0031CA22 /* SheetMusic */,
				0184283C27ADD93D0031CA22 /* Player */,
				0184283E27ADD96D0031CA22 /* View */,
				01ED41F027A5A4BA00BB944C /* Assets.xcassets */,
				01ED41F527A5A4BA00BB944C /* Info.plist */,
				01ED41ED27A5A4B900BB944C /* TrackModel.xcdatamodeld */,
			);
			path = MultiTrackPlayer;
			sourceTree = "<group>";
		};
		01ED41FD27A5A4BA00BB944C /* MultiTrackPlayerTests */ = {
			isa = PBXGroup;
			children = (
				01ED41FE27A5A4BA00BB944C /* MultiTrackPlayerAppTests.swift */,
				0184286227B29DA80031CA22 /* MusicPlayerTests.swift */,
			);
			path = MultiTrackPlayerTests;
			sourceTree = "<group>";
		};
		01ED420727A5A4BA00BB944C /* MultiTrackPlayerUITests */ = {
			isa = PBXGroup;
			children = (
				01ED420827A5A4BA00BB944C /* MultiTrackPlayerUITests.swift */,
				01ED420A27A5A4BA00BB944C /* MultiTrackPlayerUITestsLaunchTests.swift */,
			);
			path = MultiTrackPlayerUITests;
			sourceTree = "<group>";
		};
/* End PBXGroup section */

/* Begin PBXNativeTarget section */
		01ED41E027A5A4B900BB944C /* MultiTrackPlayer */ = {
			isa = PBXNativeTarget;
			buildConfigurationList = 01ED420E27A5A4BA00BB944C /* Build configuration list for PBXNativeTarget "MultiTrackPlayer" */;
			buildPhases = (
				01ED41DD27A5A4B900BB944C /* Sources */,
				01ED41DE27A5A4B900BB944C /* Frameworks */,
				01ED41DF27A5A4B900BB944C /* Resources */,
			);
			buildRules = (
			);
			dependencies = (
			);
			name = MultiTrackPlayer;
			productName = AnikaApp;
			productReference = 01ED41E127A5A4B900BB944C /* MultiTrackPlayer.app */;
			productType = "com.apple.product-type.application";
		};
		01ED41F927A5A4BA00BB944C /* MultiTrackPlayerTests */ = {
			isa = PBXNativeTarget;
			buildConfigurationList = 01ED421127A5A4BA00BB944C /* Build configuration list for PBXNativeTarget "MultiTrackPlayerTests" */;
			buildPhases = (
				01ED41F627A5A4BA00BB944C /* Sources */,
				01ED41F727A5A4BA00BB944C /* Frameworks */,
				01ED41F827A5A4BA00BB944C /* Resources */,
			);
			buildRules = (
			);
			dependencies = (
				01ED41FC27A5A4BA00BB944C /* PBXTargetDependency */,
			);
			name = MultiTrackPlayerTests;
			productName = AnikaAppTests;
			productReference = 01ED41FA27A5A4BA00BB944C /* MultiTrackPlayerTests.xctest */;
			productType = "com.apple.product-type.bundle.unit-test";
		};
		01ED420327A5A4BA00BB944C /* MultiTrackPlayerUITests */ = {
			isa = PBXNativeTarget;
			buildConfigurationList = 01ED421427A5A4BA00BB944C /* Build configuration list for PBXNativeTarget "MultiTrackPlayerUITests" */;
			buildPhases = (
				01ED420027A5A4BA00BB944C /* Sources */,
				01ED420127A5A4BA00BB944C /* Frameworks */,
				01ED420227A5A4BA00BB944C /* Resources */,
			);
			buildRules = (
			);
			dependencies = (
				01ED420627A5A4BA00BB944C /* PBXTargetDependency */,
			);
			name = MultiTrackPlayerUITests;
			productName = AnikaAppUITests;
			productReference = 01ED420427A5A4BA00BB944C /* MultiTrackPlayerUITests.xctest */;
			productType = "com.apple.product-type.bundle.ui-testing";
		};
/* End PBXNativeTarget section */

/* Begin PBXProject section */
		01ED41D927A5A4B900BB944C /* Project object */ = {
			isa = PBXProject;
			attributes = {
				BuildIndependentTargetsInParallel = 1;
				LastSwiftUpdateCheck = 1320;
				LastUpgradeCheck = 1320;
				TargetAttributes = {
					01ED41E027A5A4B900BB944C = {
						CreatedOnToolsVersion = 13.2;
					};
					01ED41F927A5A4BA00BB944C = {
						CreatedOnToolsVersion = 13.2;
						TestTargetID = 01ED41E027A5A4B900BB944C;
					};
					01ED420327A5A4BA00BB944C = {
						CreatedOnToolsVersion = 13.2;
						TestTargetID = 01ED41E027A5A4B900BB944C;
					};
				};
			};
			buildConfigurationList = 01ED41DC27A5A4B900BB944C /* Build configuration list for PBXProject "MultiTrackPlayer" */;
			compatibilityVersion = "Xcode 13.0";
			developmentRegion = en;
			hasScannedForEncodings = 0;
			knownRegions = (
				en,
				Base,
			);
			mainGroup = 01ED41D827A5A4B900BB944C;
			productRefGroup = 01ED41E227A5A4B900BB944C /* Products */;
			projectDirPath = "";
			projectRoot = "";
			targets = (
				01ED41E027A5A4B900BB944C /* MultiTrackPlayer */,
				01ED41F927A5A4BA00BB944C /* MultiTrackPlayerTests */,
				01ED420327A5A4BA00BB944C /* MultiTrackPlayerUITests */,
			);
		};
/* End PBXProject section */

/* Begin PBXResourcesBuildPhase section */
		01ED41DF27A5A4B900BB944C /* Resources */ = {
			isa = PBXResourcesBuildPhase;
			buildActionMask = 2147483647;
			files = (
				0184285F27B26B770031CA22 /* RWY_other.mp3 in Resources */,
				0184285727B26B770031CA22 /* RWY_keyboards2.mp3 in Resources */,
				0184282B27A9F04C0031CA22 /* backpocket_backingvocals.mp3 in Resources */,
				0184282A27A9F04C0031CA22 /* backpocket_percussion.mp3 in Resources */,
				0184285D27B26B770031CA22 /* RWY_trumpet.mp3 in Resources */,
				0184285A27B26B770031CA22 /* RWY_backingvocals.mp3 in Resources */,
				0184282D27A9F04C0031CA22 /* backpocket_saxophone.mp3 in Resources */,
				01ED421A27A5A53A00BB944C /* TrackViewController.xib in Resources */,
				0184285E27B26B770031CA22 /* RWY_vocals.mp3 in Resources */,
				0184282827A9F04C0031CA22 /* backpocket_trumpet.mp3 in Resources */,
				0184285C27B26B770031CA22 /* RWY_bass.mp3 in Resources */,
				0184286027B26B770031CA22 /* RWY_other2.mp3 in Resources */,
				01ED41F427A5A4BA00BB944C /* LaunchScreen.storyboard in Resources */,
				0184285927B26B770031CA22 /* RWY_guitar2.mp3 in Resources */,
				0184282727A9F04C0031CA22 /* backpocket_vocals.mp3 in Resources */,
				0184286127B26B770031CA22 /* RWY_keyboards.mp3 in Resources */,
				0184282627A9F04C0031CA22 /* backpocket_bass.mp3 in Resources */,
				01ED41F127A5A4BA00BB944C /* Assets.xcassets in Resources */,
				0184282927A9F04C0031CA22 /* backpocket_guitar.mp3 in Resources */,
				01ED41EC27A5A4B900BB944C /* Main.storyboard in Resources */,
				0184285627B26B770031CA22 /* RWY_guitar.mp3 in Resources */,
				0184285B27B26B770031CA22 /* RWY_drums.mp3 in Resources */,
				0184285827B26B770031CA22 /* RWY_backingvocals2.mp3 in Resources */,
				0184282C27A9F04C0031CA22 /* backpocket_keyboards.mp3 in Resources */,
				0184282E27A9F04C0031CA22 /* backpocket_drums.mp3 in Resources */,
			);
			runOnlyForDeploymentPostprocessing = 0;
		};
		01ED41F827A5A4BA00BB944C /* Resources */ = {
			isa = PBXResourcesBuildPhase;
			buildActionMask = 2147483647;
			files = (
			);
			runOnlyForDeploymentPostprocessing = 0;
		};
		01ED420227A5A4BA00BB944C /* Resources */ = {
			isa = PBXResourcesBuildPhase;
			buildActionMask = 2147483647;
			files = (
			);
			runOnlyForDeploymentPostprocessing = 0;
		};
/* End PBXResourcesBuildPhase section */

/* Begin PBXSourcesBuildPhase section */
		01ED41DD27A5A4B900BB944C /* Sources */ = {
			isa = PBXSourcesBuildPhase;
			buildActionMask = 2147483647;
			files = (
				0184283327ADC2F80031CA22 /* Song.swift in Sources */,
				0184283527ADC6770031CA22 /* SongLoader.swift in Sources */,
				0184284127AF2D720031CA22 /* SettingsViewController.swift in Sources */,
				01ED41E927A5A4B900BB944C /* PlayerViewController.swift in Sources */,
				0184284527B1C8CF0031CA22 /* MockMusicPlayer.swift in Sources */,
				01ED41E527A5A4B900BB944C /* AppDelegate.swift in Sources */,
				01ED421C27A609B700BB944C /* MusicPlayer.swift in Sources */,
				01ED41EF27A5A4B900BB944C /* TrackModel.xcdatamodeld in Sources */,
				01ED423827A69B6400BB944C /* SheetMusicViewController.swift in Sources */,
				0184283127ADC0910031CA22 /* LoadSongViewController.swift in Sources */,
				0184284927B266890031CA22 /* Track.swift in Sources */,
				01ED41E727A5A4B900BB944C /* SceneDelegate.swift in Sources */,
				01ED421927A5A53A00BB944C /* TrackViewController.swift in Sources */,
			);
			runOnlyForDeploymentPostprocessing = 0;
		};
		01ED41F627A5A4BA00BB944C /* Sources */ = {
			isa = PBXSourcesBuildPhase;
			buildActionMask = 2147483647;
			files = (
				0184286327B29DA80031CA22 /* MusicPlayerTests.swift in Sources */,
				01ED41FF27A5A4BA00BB944C /* MultiTrackPlayerAppTests.swift in Sources */,
			);
			runOnlyForDeploymentPostprocessing = 0;
		};
		01ED420027A5A4BA00BB944C /* Sources */ = {
			isa = PBXSourcesBuildPhase;
			buildActionMask = 2147483647;
			files = (
				01ED420B27A5A4BA00BB944C /* MultiTrackPlayerUITestsLaunchTests.swift in Sources */,
				01ED420927A5A4BA00BB944C /* MultiTrackPlayerUITests.swift in Sources */,
			);
			runOnlyForDeploymentPostprocessing = 0;
		};
/* End PBXSourcesBuildPhase section */

/* Begin PBXTargetDependency section */
		01ED41FC27A5A4BA00BB944C /* PBXTargetDependency */ = {
			isa = PBXTargetDependency;
			target = 01ED41E027A5A4B900BB944C /* MultiTrackPlayer */;
			targetProxy = 01ED41FB27A5A4BA00BB944C /* PBXContainerItemProxy */;
		};
		01ED420627A5A4BA00BB944C /* PBXTargetDependency */ = {
			isa = PBXTargetDependency;
			target = 01ED41E027A5A4B900BB944C /* MultiTrackPlayer */;
			targetProxy = 01ED420527A5A4BA00BB944C /* PBXContainerItemProxy */;
		};
/* End PBXTargetDependency section */

/* Begin PBXVariantGroup section */
		01ED41EA27A5A4B900BB944C /* Main.storyboard */ = {
			isa = PBXVariantGroup;
			children = (
				01ED41EB27A5A4B900BB944C /* Base */,
			);
			name = Main.storyboard;
			sourceTree = "<group>";
		};
		01ED41F227A5A4BA00BB944C /* LaunchScreen.storyboard */ = {
			isa = PBXVariantGroup;
			children = (
				01ED41F327A5A4BA00BB944C /* Base */,
			);
			name = LaunchScreen.storyboard;
			sourceTree = "<group>";
		};
/* End PBXVariantGroup section */

/* Begin XCBuildConfiguration section */
		01ED420C27A5A4BA00BB944C /* Debug */ = {
			isa = XCBuildConfiguration;
			buildSettings = {
				ALWAYS_SEARCH_USER_PATHS = NO;
				CLANG_ANALYZER_NONNULL = YES;
				CLANG_ANALYZER_NUMBER_OBJECT_CONVERSION = YES_AGGRESSIVE;
				CLANG_CXX_LANGUAGE_STANDARD = "gnu++17";
				CLANG_CXX_LIBRARY = "libc++";
				CLANG_ENABLE_MODULES = YES;
				CLANG_ENABLE_OBJC_ARC = YES;
				CLANG_ENABLE_OBJC_WEAK = YES;
				CLANG_WARN_BLOCK_CAPTURE_AUTORELEASING = YES;
				CLANG_WARN_BOOL_CONVERSION = YES;
				CLANG_WARN_COMMA = YES;
				CLANG_WARN_CONSTANT_CONVERSION = YES;
				CLANG_WARN_DEPRECATED_OBJC_IMPLEMENTATIONS = YES;
				CLANG_WARN_DIRECT_OBJC_ISA_USAGE = YES_ERROR;
				CLANG_WARN_DOCUMENTATION_COMMENTS = YES;
				CLANG_WARN_EMPTY_BODY = YES;
				CLANG_WARN_ENUM_CONVERSION = YES;
				CLANG_WARN_INFINITE_RECURSION = YES;
				CLANG_WARN_INT_CONVERSION = YES;
				CLANG_WARN_NON_LITERAL_NULL_CONVERSION = YES;
				CLANG_WARN_OBJC_IMPLICIT_RETAIN_SELF = YES;
				CLANG_WARN_OBJC_LITERAL_CONVERSION = YES;
				CLANG_WARN_OBJC_ROOT_CLASS = YES_ERROR;
				CLANG_WARN_QUOTED_INCLUDE_IN_FRAMEWORK_HEADER = YES;
				CLANG_WARN_RANGE_LOOP_ANALYSIS = YES;
				CLANG_WARN_STRICT_PROTOTYPES = YES;
				CLANG_WARN_SUSPICIOUS_MOVE = YES;
				CLANG_WARN_UNGUARDED_AVAILABILITY = YES_AGGRESSIVE;
				CLANG_WARN_UNREACHABLE_CODE = YES;
				CLANG_WARN__DUPLICATE_METHOD_MATCH = YES;
				COPY_PHASE_STRIP = NO;
				DEBUG_INFORMATION_FORMAT = dwarf;
				ENABLE_STRICT_OBJC_MSGSEND = YES;
				ENABLE_TESTABILITY = YES;
				GCC_C_LANGUAGE_STANDARD = gnu11;
				GCC_DYNAMIC_NO_PIC = NO;
				GCC_NO_COMMON_BLOCKS = YES;
				GCC_OPTIMIZATION_LEVEL = 0;
				GCC_PREPROCESSOR_DEFINITIONS = (
					"DEBUG=1",
					"$(inherited)",
				);
				GCC_WARN_64_TO_32_BIT_CONVERSION = YES;
				GCC_WARN_ABOUT_RETURN_TYPE = YES_ERROR;
				GCC_WARN_UNDECLARED_SELECTOR = YES;
				GCC_WARN_UNINITIALIZED_AUTOS = YES_AGGRESSIVE;
				GCC_WARN_UNUSED_FUNCTION = YES;
				GCC_WARN_UNUSED_VARIABLE = YES;
				INFOPLIST_KEY_CFBundleDisplayName = MultiTrackPlayer;
				IPHONEOS_DEPLOYMENT_TARGET = 15.2;
				MTL_ENABLE_DEBUG_INFO = INCLUDE_SOURCE;
				MTL_FAST_MATH = YES;
				ONLY_ACTIVE_ARCH = YES;
				SDKROOT = iphoneos;
				SWIFT_ACTIVE_COMPILATION_CONDITIONS = DEBUG;
				SWIFT_OPTIMIZATION_LEVEL = "-Onone";
			};
			name = Debug;
		};
		01ED420D27A5A4BA00BB944C /* Release */ = {
			isa = XCBuildConfiguration;
			buildSettings = {
				ALWAYS_SEARCH_USER_PATHS = NO;
				CLANG_ANALYZER_NONNULL = YES;
				CLANG_ANALYZER_NUMBER_OBJECT_CONVERSION = YES_AGGRESSIVE;
				CLANG_CXX_LANGUAGE_STANDARD = "gnu++17";
				CLANG_CXX_LIBRARY = "libc++";
				CLANG_ENABLE_MODULES = YES;
				CLANG_ENABLE_OBJC_ARC = YES;
				CLANG_ENABLE_OBJC_WEAK = YES;
				CLANG_WARN_BLOCK_CAPTURE_AUTORELEASING = YES;
				CLANG_WARN_BOOL_CONVERSION = YES;
				CLANG_WARN_COMMA = YES;
				CLANG_WARN_CONSTANT_CONVERSION = YES;
				CLANG_WARN_DEPRECATED_OBJC_IMPLEMENTATIONS = YES;
				CLANG_WARN_DIRECT_OBJC_ISA_USAGE = YES_ERROR;
				CLANG_WARN_DOCUMENTATION_COMMENTS = YES;
				CLANG_WARN_EMPTY_BODY = YES;
				CLANG_WARN_ENUM_CONVERSION = YES;
				CLANG_WARN_INFINITE_RECURSION = YES;
				CLANG_WARN_INT_CONVERSION = YES;
				CLANG_WARN_NON_LITERAL_NULL_CONVERSION = YES;
				CLANG_WARN_OBJC_IMPLICIT_RETAIN_SELF = YES;
				CLANG_WARN_OBJC_LITERAL_CONVERSION = YES;
				CLANG_WARN_OBJC_ROOT_CLASS = YES_ERROR;
				CLANG_WARN_QUOTED_INCLUDE_IN_FRAMEWORK_HEADER = YES;
				CLANG_WARN_RANGE_LOOP_ANALYSIS = YES;
				CLANG_WARN_STRICT_PROTOTYPES = YES;
				CLANG_WARN_SUSPICIOUS_MOVE = YES;
				CLANG_WARN_UNGUARDED_AVAILABILITY = YES_AGGRESSIVE;
				CLANG_WARN_UNREACHABLE_CODE = YES;
				CLANG_WARN__DUPLICATE_METHOD_MATCH = YES;
				COPY_PHASE_STRIP = NO;
				DEBUG_INFORMATION_FORMAT = "dwarf-with-dsym";
				ENABLE_NS_ASSERTIONS = NO;
				ENABLE_STRICT_OBJC_MSGSEND = YES;
				GCC_C_LANGUAGE_STANDARD = gnu11;
				GCC_NO_COMMON_BLOCKS = YES;
				GCC_WARN_64_TO_32_BIT_CONVERSION = YES;
				GCC_WARN_ABOUT_RETURN_TYPE = YES_ERROR;
				GCC_WARN_UNDECLARED_SELECTOR = YES;
				GCC_WARN_UNINITIALIZED_AUTOS = YES_AGGRESSIVE;
				GCC_WARN_UNUSED_FUNCTION = YES;
				GCC_WARN_UNUSED_VARIABLE = YES;
				INFOPLIST_KEY_CFBundleDisplayName = MultiTrackPlayer;
				IPHONEOS_DEPLOYMENT_TARGET = 15.2;
				MTL_ENABLE_DEBUG_INFO = NO;
				MTL_FAST_MATH = YES;
				SDKROOT = iphoneos;
				SWIFT_COMPILATION_MODE = wholemodule;
				SWIFT_OPTIMIZATION_LEVEL = "-O";
				VALIDATE_PRODUCT = YES;
			};
			name = Release;
		};
		01ED420F27A5A4BA00BB944C /* Debug */ = {
			isa = XCBuildConfiguration;
			buildSettings = {
				ASSETCATALOG_COMPILER_APPICON_NAME = AppIcon;
				ASSETCATALOG_COMPILER_GLOBAL_ACCENT_COLOR_NAME = AccentColor;
				CODE_SIGN_STYLE = Automatic;
				CURRENT_PROJECT_VERSION = 1;
				DEVELOPMENT_TEAM = F97FE5Z68U;
				GENERATE_INFOPLIST_FILE = YES;
				INFOPLIST_FILE = MultiTrackPlayer/Info.plist;
				INFOPLIST_KEY_CFBundleDisplayName = MultiTrackPlayer;
				INFOPLIST_KEY_UIApplicationSupportsIndirectInputEvents = YES;
				INFOPLIST_KEY_UILaunchStoryboardName = LaunchScreen;
				INFOPLIST_KEY_UIMainStoryboardFile = Main;
				INFOPLIST_KEY_UISupportedInterfaceOrientations_iPad = "UIInterfaceOrientationPortrait UIInterfaceOrientationPortraitUpsideDown UIInterfaceOrientationLandscapeLeft UIInterfaceOrientationLandscapeRight";
				INFOPLIST_KEY_UISupportedInterfaceOrientations_iPhone = "UIInterfaceOrientationPortrait UIInterfaceOrientationLandscapeLeft UIInterfaceOrientationLandscapeRight";
				IPHONEOS_DEPLOYMENT_TARGET = 13.0;
				LD_RUNPATH_SEARCH_PATHS = (
					"$(inherited)",
					"@executable_path/Frameworks",
				);
				MARKETING_VERSION = 1.0;
				PRODUCT_BUNDLE_IDENTIFIER = nl.patrickrugebregt.MultiTrackPlayer;
				PRODUCT_NAME = "$(TARGET_NAME)";
				SWIFT_EMIT_LOC_STRINGS = YES;
				SWIFT_VERSION = 5.0;
				TARGETED_DEVICE_FAMILY = "1,2";
			};
			name = Debug;
		};
		01ED421027A5A4BA00BB944C /* Release */ = {
			isa = XCBuildConfiguration;
			buildSettings = {
				ASSETCATALOG_COMPILER_APPICON_NAME = AppIcon;
				ASSETCATALOG_COMPILER_GLOBAL_ACCENT_COLOR_NAME = AccentColor;
				CODE_SIGN_STYLE = Automatic;
				CURRENT_PROJECT_VERSION = 1;
				DEVELOPMENT_TEAM = F97FE5Z68U;
				GENERATE_INFOPLIST_FILE = YES;
				INFOPLIST_FILE = MultiTrackPlayer/Info.plist;
				INFOPLIST_KEY_CFBundleDisplayName = MultiTrackPlayer;
				INFOPLIST_KEY_UIApplicationSupportsIndirectInputEvents = YES;
				INFOPLIST_KEY_UILaunchStoryboardName = LaunchScreen;
				INFOPLIST_KEY_UIMainStoryboardFile = Main;
				INFOPLIST_KEY_UISupportedInterfaceOrientations_iPad = "UIInterfaceOrientationPortrait UIInterfaceOrientationPortraitUpsideDown UIInterfaceOrientationLandscapeLeft UIInterfaceOrientationLandscapeRight";
				INFOPLIST_KEY_UISupportedInterfaceOrientations_iPhone = "UIInterfaceOrientationPortrait UIInterfaceOrientationLandscapeLeft UIInterfaceOrientationLandscapeRight";
				IPHONEOS_DEPLOYMENT_TARGET = 13.0;
				LD_RUNPATH_SEARCH_PATHS = (
					"$(inherited)",
					"@executable_path/Frameworks",
				);
				MARKETING_VERSION = 1.0;
				PRODUCT_BUNDLE_IDENTIFIER = nl.patrickrugebregt.MultiTrackPlayer;
				PRODUCT_NAME = "$(TARGET_NAME)";
				SWIFT_EMIT_LOC_STRINGS = YES;
				SWIFT_VERSION = 5.0;
				TARGETED_DEVICE_FAMILY = "1,2";
			};
			name = Release;
		};
		01ED421227A5A4BA00BB944C /* Debug */ = {
			isa = XCBuildConfiguration;
			buildSettings = {
				ALWAYS_EMBED_SWIFT_STANDARD_LIBRARIES = YES;
				BUNDLE_LOADER = "$(TEST_HOST)";
				CODE_SIGN_STYLE = Automatic;
				CURRENT_PROJECT_VERSION = 1;
				DEVELOPMENT_TEAM = F97FE5Z68U;
				GENERATE_INFOPLIST_FILE = YES;
				IPHONEOS_DEPLOYMENT_TARGET = 15.2;
				MARKETING_VERSION = 1.0;
				PRODUCT_BUNDLE_IDENTIFIER = nl.patrickrugebregt.AnikaAppTests;
				PRODUCT_NAME = "$(TARGET_NAME)";
				SWIFT_EMIT_LOC_STRINGS = NO;
				SWIFT_VERSION = 5.0;
				TARGETED_DEVICE_FAMILY = "1,2";
				TEST_HOST = "$(BUILT_PRODUCTS_DIR)/MultiTrackPlayer.app/MultiTrackPlayer";
			};
			name = Debug;
		};
		01ED421327A5A4BA00BB944C /* Release */ = {
			isa = XCBuildConfiguration;
			buildSettings = {
				ALWAYS_EMBED_SWIFT_STANDARD_LIBRARIES = YES;
				BUNDLE_LOADER = "$(TEST_HOST)";
				CODE_SIGN_STYLE = Automatic;
				CURRENT_PROJECT_VERSION = 1;
				DEVELOPMENT_TEAM = F97FE5Z68U;
				GENERATE_INFOPLIST_FILE = YES;
				IPHONEOS_DEPLOYMENT_TARGET = 15.2;
				MARKETING_VERSION = 1.0;
				PRODUCT_BUNDLE_IDENTIFIER = nl.patrickrugebregt.AnikaAppTests;
				PRODUCT_NAME = "$(TARGET_NAME)";
				SWIFT_EMIT_LOC_STRINGS = NO;
				SWIFT_VERSION = 5.0;
				TARGETED_DEVICE_FAMILY = "1,2";
				TEST_HOST = "$(BUILT_PRODUCTS_DIR)/MultiTrackPlayer.app/MultiTrackPlayer";
			};
			name = Release;
		};
		01ED421527A5A4BA00BB944C /* Debug */ = {
			isa = XCBuildConfiguration;
			buildSettings = {
				ALWAYS_EMBED_SWIFT_STANDARD_LIBRARIES = YES;
				CODE_SIGN_STYLE = Automatic;
				CURRENT_PROJECT_VERSION = 1;
				DEVELOPMENT_TEAM = F97FE5Z68U;
				GENERATE_INFOPLIST_FILE = YES;
				MARKETING_VERSION = 1.0;
				PRODUCT_BUNDLE_IDENTIFIER = nl.patrickrugebregt.AnikaAppUITests;
				PRODUCT_NAME = "$(TARGET_NAME)";
				SWIFT_EMIT_LOC_STRINGS = NO;
				SWIFT_VERSION = 5.0;
				TARGETED_DEVICE_FAMILY = "1,2";
				TEST_TARGET_NAME = AnikaApp;
			};
			name = Debug;
		};
		01ED421627A5A4BA00BB944C /* Release */ = {
			isa = XCBuildConfiguration;
			buildSettings = {
				ALWAYS_EMBED_SWIFT_STANDARD_LIBRARIES = YES;
				CODE_SIGN_STYLE = Automatic;
				CURRENT_PROJECT_VERSION = 1;
				DEVELOPMENT_TEAM = F97FE5Z68U;
				GENERATE_INFOPLIST_FILE = YES;
				MARKETING_VERSION = 1.0;
				PRODUCT_BUNDLE_IDENTIFIER = nl.patrickrugebregt.AnikaAppUITests;
				PRODUCT_NAME = "$(TARGET_NAME)";
				SWIFT_EMIT_LOC_STRINGS = NO;
				SWIFT_VERSION = 5.0;
				TARGETED_DEVICE_FAMILY = "1,2";
				TEST_TARGET_NAME = AnikaApp;
			};
			name = Release;
		};
/* End XCBuildConfiguration section */

/* Begin XCConfigurationList section */
		01ED41DC27A5A4B900BB944C /* Build configuration list for PBXProject "MultiTrackPlayer" */ = {
			isa = XCConfigurationList;
			buildConfigurations = (
				01ED420C27A5A4BA00BB944C /* Debug */,
				01ED420D27A5A4BA00BB944C /* Release */,
			);
			defaultConfigurationIsVisible = 0;
			defaultConfigurationName = Release;
		};
		01ED420E27A5A4BA00BB944C /* Build configuration list for PBXNativeTarget "MultiTrackPlayer" */ = {
			isa = XCConfigurationList;
			buildConfigurations = (
				01ED420F27A5A4BA00BB944C /* Debug */,
				01ED421027A5A4BA00BB944C /* Release */,
			);
			defaultConfigurationIsVisible = 0;
			defaultConfigurationName = Release;
		};
		01ED421127A5A4BA00BB944C /* Build configuration list for PBXNativeTarget "MultiTrackPlayerTests" */ = {
			isa = XCConfigurationList;
			buildConfigurations = (
				01ED421227A5A4BA00BB944C /* Debug */,
				01ED421327A5A4BA00BB944C /* Release */,
			);
			defaultConfigurationIsVisible = 0;
			defaultConfigurationName = Release;
		};
		01ED421427A5A4BA00BB944C /* Build configuration list for PBXNativeTarget "MultiTrackPlayerUITests" */ = {
			isa = XCConfigurationList;
			buildConfigurations = (
				01ED421527A5A4BA00BB944C /* Debug */,
				01ED421627A5A4BA00BB944C /* Release */,
			);
			defaultConfigurationIsVisible = 0;
			defaultConfigurationName = Release;
		};
/* End XCConfigurationList section */

/* Begin XCVersionGroup section */
		01ED41ED27A5A4B900BB944C /* TrackModel.xcdatamodeld */ = {
			isa = XCVersionGroup;
			children = (
				01ED41EE27A5A4B900BB944C /* AnikaApp.xcdatamodel */,
			);
			currentVersion = 01ED41EE27A5A4B900BB944C /* AnikaApp.xcdatamodel */;
			path = TrackModel.xcdatamodeld;
			sourceTree = "<group>";
			versionGroupType = wrapper.xcdatamodel;
		};
/* End XCVersionGroup section */
	};
	rootObject = 01ED41D927A5A4B900BB944C /* Project object */;
}
